
Microsoft Visual Studio Solution File, Format Version 12.00
# Visual Studio Version 16
VisualStudioVersion = 16.0.31729.503
MinimumVisualStudioVersion = 10.0.40219.1
Project("{2150E333-8FDC-42A3-9474-1A3956D46DE8}") = "01. Presentation", "01. Presentation", "{2A2D6A9F-F3FC-4ED9-A09F-FD80B9384BF9}"
EndProject
Project("{2150E333-8FDC-42A3-9474-1A3956D46DE8}") = "02. Services", "02. Services", "{40058DCC-1B06-49C8-97E9-A84E6DF58625}"
EndProject
Project("{2150E333-8FDC-42A3-9474-1A3956D46DE8}") = "03. Sources", "03. Sources", "{44D62A2F-88A0-44E4-9380-3FDA0D972273}"
EndProject
Project("{2150E333-8FDC-42A3-9474-1A3956D46DE8}") = "04. Model", "04. Model", "{985ABF92-CD2C-4BFE-BD3E-5C41A4977453}"
EndProject
Project("{2150E333-8FDC-42A3-9474-1A3956D46DE8}") = "05. Common", "05. Common", "{5E78358C-FF55-4874-997E-49B5C743AECF}"
EndProject
Project("{FAE04EC0-301F-11D3-BF4B-00C04F79EFBC}") = "DinamoErp.Web", "DinamoErp.Web\DinamoErp.Web.csproj", "{58DD15D4-68A1-407D-B3C5-E2B0479973F9}"
	ProjectSection(ProjectDependencies) = postProject
		{1B28548D-E597-4C43-B179-6FF198EC05BA} = {1B28548D-E597-4C43-B179-6FF198EC05BA}
	EndProjectSection
EndProject
Project("{FAE04EC0-301F-11D3-BF4B-00C04F79EFBC}") = "DinamoErp.BusinessLogic", "DinamoErp.BusinessLogic\DinamoErp.BusinessLogic.csproj", "{1D44BB74-5A48-413D-A7BB-7A16E19FA8FA}"
EndProject
Project("{FAE04EC0-301F-11D3-BF4B-00C04F79EFBC}") = "DinamoErp.Utility", "DinamoErp.Utility\DinamoErp.Utility.csproj", "{CF4525A2-4ED0-4E91-8D7B-B6F0B69D0599}"
EndProject
Project("{2150E333-8FDC-42A3-9474-1A3956D46DE8}") = "06. Proxy", "06. Proxy", "{B08D61EA-1AD1-468F-9A30-D100DBD7D3DB}"
EndProject
Project("{FAE04EC0-301F-11D3-BF4B-00C04F79EFBC}") = "DinamoErp.Persistence.Security", "DinamoErp.Persistence.Security\DinamoErp.Persistence.Security.csproj", "{6AB440B8-22F5-4DAE-AEFC-0996D1D1C291}"
EndProject
Project("{FAE04EC0-301F-11D3-BF4B-00C04F79EFBC}") = "DbContextScope.Interfaces", "DbContextScope.Interfaces\DbContextScope.Interfaces.csproj", "{F932402E-524B-46E4-8EF2-E946CAE13C13}"
EndProject
Project("{FAE04EC0-301F-11D3-BF4B-00C04F79EFBC}") = "DinamoErp.Model", "DinamoErp.Model\DinamoErp.Model.csproj", "{5FAA2777-BFB0-4C48-B37D-2790E3CAE1B7}"
EndProject
Project("{FAE04EC0-301F-11D3-BF4B-00C04F79EFBC}") = "DbContextScope.Implementation", "DbContextScope.Implementation\DbContextScope.Implementation.csproj", "{A0F285EF-BD4D-42B6-9D58-71AB4211F9B4}"
EndProject
Project("{2150E333-8FDC-42A3-9474-1A3956D46DE8}") = "01.DbConexion", "01.DbConexion", "{64BC0CBC-2755-4C37-AC27-6ED2F1648A4B}"
EndProject
Project("{2150E333-8FDC-42A3-9474-1A3956D46DE8}") = "02.Persistence", "02.Persistence", "{D7158B6B-2D1D-4BB7-A610-1EA2D5338A5A}"
EndProject
Project("{FAE04EC0-301F-11D3-BF4B-00C04F79EFBC}") = "DinamoErp.Persistence.DatabaseContext", "DinamoErpPersistence.DatabaseContext\DinamoErp.Persistence.DatabaseContext.csproj", "{DCC5683A-A0D8-4B4C-9E1F-B3DAD76A6EDC}"
EndProject
Project("{FAE04EC0-301F-11D3-BF4B-00C04F79EFBC}") = "DbContextScope.Repository", "DbContextScope.Repository\DbContextScope.Repository.csproj", "{00876327-9968-4E02-B2F6-DCCBBF355BF1}"
EndProject
Project("{FAE04EC0-301F-11D3-BF4B-00C04F79EFBC}") = "DinamoErp.ViewModel", "DinamoErp.ViewModel\DinamoErp.ViewModel.csproj", "{54C1F5CF-4E10-49B3-B77D-E3A0DA97E152}"
EndProject
Project("{FAE04EC0-301F-11D3-BF4B-00C04F79EFBC}") = "DinamoErp.DbConexion", "DinamoErp.DbConexion\DinamoErp.DbConexion.csproj", "{55CA3C34-6E71-4E5F-B3A7-F2D177C720EC}"
EndProject
Project("{FAE04EC0-301F-11D3-BF4B-00C04F79EFBC}") = "DinamoErp.WebApi", "DinamoErp.WebApi\DinamoErp.WebApi.csproj", "{1B28548D-E597-4C43-B179-6FF198EC05BA}"
EndProject
Project("{FAE04EC0-301F-11D3-BF4B-00C04F79EFBC}") = "DinamoErp.Helper", "DinamoErp.Helper\DinamoErp.Helper.csproj", "{13BE08D0-F7B3-4E52-8572-CB0F0F3BA666}"
EndProject
Project("{FAE04EC0-301F-11D3-BF4B-00C04F79EFBC}") = "DinamoErp.FE.Utility", "DinamoErp.FE.Utility\DinamoErp.FE.Utility.csproj", "{031D548B-4A21-4081-BB1E-C9FBDB8F110B}"
EndProject
Global
	GlobalSection(SolutionConfigurationPlatforms) = preSolution
		Debug|Any CPU = Debug|Any CPU
		Release|Any CPU = Release|Any CPU
	EndGlobalSection
	GlobalSection(ProjectConfigurationPlatforms) = postSolution
		{58DD15D4-68A1-407D-B3C5-E2B0479973F9}.Debug|Any CPU.ActiveCfg = Debug|Any CPU
		{58DD15D4-68A1-407D-B3C5-E2B0479973F9}.Debug|Any CPU.Build.0 = Debug|Any CPU
		{58DD15D4-68A1-407D-B3C5-E2B0479973F9}.Release|Any CPU.ActiveCfg = Release|Any CPU
		{58DD15D4-68A1-407D-B3C5-E2B0479973F9}.Release|Any CPU.Build.0 = Release|Any CPU
		{1D44BB74-5A48-413D-A7BB-7A16E19FA8FA}.Debug|Any CPU.ActiveCfg = Debug|Any CPU
		{1D44BB74-5A48-413D-A7BB-7A16E19FA8FA}.Debug|Any CPU.Build.0 = Debug|Any CPU
		{1D44BB74-5A48-413D-A7BB-7A16E19FA8FA}.Release|Any CPU.ActiveCfg = Release|Any CPU
		{1D44BB74-5A48-413D-A7BB-7A16E19FA8FA}.Release|Any CPU.Build.0 = Release|Any CPU
		{CF4525A2-4ED0-4E91-8D7B-B6F0B69D0599}.Debug|Any CPU.ActiveCfg = Debug|Any CPU
		{CF4525A2-4ED0-4E91-8D7B-B6F0B69D0599}.Debug|Any CPU.Build.0 = Debug|Any CPU
		{CF4525A2-4ED0-4E91-8D7B-B6F0B69D0599}.Release|Any CPU.ActiveCfg = Release|Any CPU
		{CF4525A2-4ED0-4E91-8D7B-B6F0B69D0599}.Release|Any CPU.Build.0 = Release|Any CPU
		{6AB440B8-22F5-4DAE-AEFC-0996D1D1C291}.Debug|Any CPU.ActiveCfg = Debug|Any CPU
		{6AB440B8-22F5-4DAE-AEFC-0996D1D1C291}.Debug|Any CPU.Build.0 = Debug|Any CPU
		{6AB440B8-22F5-4DAE-AEFC-0996D1D1C291}.Release|Any CPU.ActiveCfg = Release|Any CPU
		{6AB440B8-22F5-4DAE-AEFC-0996D1D1C291}.Release|Any CPU.Build.0 = Release|Any CPU
		{F932402E-524B-46E4-8EF2-E946CAE13C13}.Debug|Any CPU.ActiveCfg = Debug|Any CPU
		{F932402E-524B-46E4-8EF2-E946CAE13C13}.Debug|Any CPU.Build.0 = Debug|Any CPU
		{F932402E-524B-46E4-8EF2-E946CAE13C13}.Release|Any CPU.ActiveCfg = Release|Any CPU
		{F932402E-524B-46E4-8EF2-E946CAE13C13}.Release|Any CPU.Build.0 = Release|Any CPU
		{5FAA2777-BFB0-4C48-B37D-2790E3CAE1B7}.Debug|Any CPU.ActiveCfg = Debug|Any CPU
		{5FAA2777-BFB0-4C48-B37D-2790E3CAE1B7}.Debug|Any CPU.Build.0 = Debug|Any CPU
		{5FAA2777-BFB0-4C48-B37D-2790E3CAE1B7}.Release|Any CPU.ActiveCfg = Release|Any CPU
		{5FAA2777-BFB0-4C48-B37D-2790E3CAE1B7}.Release|Any CPU.Build.0 = Release|Any CPU
		{A0F285EF-BD4D-42B6-9D58-71AB4211F9B4}.Debug|Any CPU.ActiveCfg = Debug|Any CPU
		{A0F285EF-BD4D-42B6-9D58-71AB4211F9B4}.Debug|Any CPU.Build.0 = Debug|Any CPU
		{A0F285EF-BD4D-42B6-9D58-71AB4211F9B4}.Release|Any CPU.ActiveCfg = Release|Any CPU
		{A0F285EF-BD4D-42B6-9D58-71AB4211F9B4}.Release|Any CPU.Build.0 = Release|Any CPU
		{DCC5683A-A0D8-4B4C-9E1F-B3DAD76A6EDC}.Debug|Any CPU.ActiveCfg = Debug|Any CPU
		{DCC5683A-A0D8-4B4C-9E1F-B3DAD76A6EDC}.Debug|Any CPU.Build.0 = Debug|Any CPU
		{DCC5683A-A0D8-4B4C-9E1F-B3DAD76A6EDC}.Release|Any CPU.ActiveCfg = Release|Any CPU
		{DCC5683A-A0D8-4B4C-9E1F-B3DAD76A6EDC}.Release|Any CPU.Build.0 = Release|Any CPU
		{00876327-9968-4E02-B2F6-DCCBBF355BF1}.Debug|Any CPU.ActiveCfg = Debug|Any CPU
		{00876327-9968-4E02-B2F6-DCCBBF355BF1}.Debug|Any CPU.Build.0 = Debug|Any CPU
		{00876327-9968-4E02-B2F6-DCCBBF355BF1}.Release|Any CPU.ActiveCfg = Release|Any CPU
		{00876327-9968-4E02-B2F6-DCCBBF355BF1}.Release|Any CPU.Build.0 = Release|Any CPU
		{54C1F5CF-4E10-49B3-B77D-E3A0DA97E152}.Debug|Any CPU.ActiveCfg = Debug|Any CPU
		{54C1F5CF-4E10-49B3-B77D-E3A0DA97E152}.Debug|Any CPU.Build.0 = Debug|Any CPU
		{54C1F5CF-4E10-49B3-B77D-E3A0DA97E152}.Release|Any CPU.ActiveCfg = Release|Any CPU
		{54C1F5CF-4E10-49B3-B77D-E3A0DA97E152}.Release|Any CPU.Build.0 = Release|Any CPU
		{55CA3C34-6E71-4E5F-B3A7-F2D177C720EC}.Debug|Any CPU.ActiveCfg = Debug|Any CPU
		{55CA3C34-6E71-4E5F-B3A7-F2D177C720EC}.Debug|Any CPU.Build.0 = Debug|Any CPU
		{55CA3C34-6E71-4E5F-B3A7-F2D177C720EC}.Release|Any CPU.ActiveCfg = Release|Any CPU
		{55CA3C34-6E71-4E5F-B3A7-F2D177C720EC}.Release|Any CPU.Build.0 = Release|Any CPU
		{1B28548D-E597-4C43-B179-6FF198EC05BA}.Debug|Any CPU.ActiveCfg = Debug|Any CPU
		{1B28548D-E597-4C43-B179-6FF198EC05BA}.Debug|Any CPU.Build.0 = Debug|Any CPU
		{1B28548D-E597-4C43-B179-6FF198EC05BA}.Release|Any CPU.ActiveCfg = Release|Any CPU
		{1B28548D-E597-4C43-B179-6FF198EC05BA}.Release|Any CPU.Build.0 = Release|Any CPU
		{13BE08D0-F7B3-4E52-8572-CB0F0F3BA666}.Debug|Any CPU.ActiveCfg = Debug|Any CPU
		{13BE08D0-F7B3-4E52-8572-CB0F0F3BA666}.Debug|Any CPU.Build.0 = Debug|Any CPU
		{13BE08D0-F7B3-4E52-8572-CB0F0F3BA666}.Release|Any CPU.ActiveCfg = Release|Any CPU
		{13BE08D0-F7B3-4E52-8572-CB0F0F3BA666}.Release|Any CPU.Build.0 = Release|Any CPU
		{031D548B-4A21-4081-BB1E-C9FBDB8F110B}.Debug|Any CPU.ActiveCfg = Debug|Any CPU
		{031D548B-4A21-4081-BB1E-C9FBDB8F110B}.Debug|Any CPU.Build.0 = Debug|Any CPU
		{031D548B-4A21-4081-BB1E-C9FBDB8F110B}.Release|Any CPU.ActiveCfg = Release|Any CPU
		{031D548B-4A21-4081-BB1E-C9FBDB8F110B}.Release|Any CPU.Build.0 = Release|Any CPU
	EndGlobalSection
	GlobalSection(SolutionProperties) = preSolution
		HideSolutionNode = FALSE
	EndGlobalSection
	GlobalSection(NestedProjects) = preSolution
		{58DD15D4-68A1-407D-B3C5-E2B0479973F9} = {2A2D6A9F-F3FC-4ED9-A09F-FD80B9384BF9}
		{1D44BB74-5A48-413D-A7BB-7A16E19FA8FA} = {44D62A2F-88A0-44E4-9380-3FDA0D972273}
		{CF4525A2-4ED0-4E91-8D7B-B6F0B69D0599} = {5E78358C-FF55-4874-997E-49B5C743AECF}
		{6AB440B8-22F5-4DAE-AEFC-0996D1D1C291} = {D7158B6B-2D1D-4BB7-A610-1EA2D5338A5A}
		{F932402E-524B-46E4-8EF2-E946CAE13C13} = {D7158B6B-2D1D-4BB7-A610-1EA2D5338A5A}
		{5FAA2777-BFB0-4C48-B37D-2790E3CAE1B7} = {985ABF92-CD2C-4BFE-BD3E-5C41A4977453}
		{A0F285EF-BD4D-42B6-9D58-71AB4211F9B4} = {D7158B6B-2D1D-4BB7-A610-1EA2D5338A5A}
		{64BC0CBC-2755-4C37-AC27-6ED2F1648A4B} = {B08D61EA-1AD1-468F-9A30-D100DBD7D3DB}
		{D7158B6B-2D1D-4BB7-A610-1EA2D5338A5A} = {B08D61EA-1AD1-468F-9A30-D100DBD7D3DB}
		{DCC5683A-A0D8-4B4C-9E1F-B3DAD76A6EDC} = {D7158B6B-2D1D-4BB7-A610-1EA2D5338A5A}
		{00876327-9968-4E02-B2F6-DCCBBF355BF1} = {D7158B6B-2D1D-4BB7-A610-1EA2D5338A5A}
		{54C1F5CF-4E10-49B3-B77D-E3A0DA97E152} = {985ABF92-CD2C-4BFE-BD3E-5C41A4977453}
		{55CA3C34-6E71-4E5F-B3A7-F2D177C720EC} = {64BC0CBC-2755-4C37-AC27-6ED2F1648A4B}
		{1B28548D-E597-4C43-B179-6FF198EC05BA} = {40058DCC-1B06-49C8-97E9-A84E6DF58625}
		{13BE08D0-F7B3-4E52-8572-CB0F0F3BA666} = {5E78358C-FF55-4874-997E-49B5C743AECF}
		{031D548B-4A21-4081-BB1E-C9FBDB8F110B} = {5E78358C-FF55-4874-997E-49B5C743AECF}
	EndGlobalSection
	GlobalSection(ExtensibilityGlobals) = postSolution
		SolutionGuid = {4076CA74-B4D7-4BAA-B34C-20289D1DAADD}
		{DCC5683A-A0D8-4B4C-9E1F-B3DAD76A6EDC} = {D7158B6B-2D1D-4BB7-A610-1EA2D5338A5A}
		{F932402E-524B-46E4-8EF2-E946CAE13C13} = {D7158B6B-2D1D-4BB7-A610-1EA2D5338A5A}
		{5FAA2777-BFB0-4C48-B37D-2790E3CAE1B7} = {985ABF92-CD2C-4BFE-BD3E-5C41A4977453}
		{A0F285EF-BD4D-42B6-9D58-71AB4211F9B4} = {D7158B6B-2D1D-4BB7-A610-1EA2D5338A5A}
		{64BC0CBC-2755-4C37-AC27-6ED2F1648A4B} = {B08D61EA-1AD1-468F-9A30-D100DBD7D3DB}
		{D7158B6B-2D1D-4BB7-A610-1EA2D5338A5A} = {B08D61EA-1AD1-468F-9A30-D100DBD7D3DB}
		{3E31E1C0-9135-4831-93A8-9A639B8F8245} = {64BC0CBC-2755-4C37-AC27-6ED2F1648A4B}
	EndGlobalSection
EndGlobal
